// !$*UTF8*$!
{
	archiveVersion = 1;
	classes = {
	};
	objectVersion = 48;
	objects = {

/* Begin PBXBuildFile section */
		3078C1701DDB501200263528 /* WYRefreshArrowView.swift in Sources */ = {isa = PBXBuildFile; fileRef = 3078C16F1DDB501200263528 /* WYRefreshArrowView.swift */; };
		661EC6C21F53AFA50005AC2E /* WYRefreshView.swift in Sources */ = {isa = PBXBuildFile; fileRef = 661EC6C11F53AFA50005AC2E /* WYRefreshView.swift */; };
		661EC6C41F53B51A0005AC2E /* WYObjectAssociation.swift in Sources */ = {isa = PBXBuildFile; fileRef = 661EC6C31F53B51A0005AC2E /* WYObjectAssociation.swift */; };
		661EC6C61F53B9440005AC2E /* UIScrollView+Infinite.swift in Sources */ = {isa = PBXBuildFile; fileRef = 661EC6C51F53B9440005AC2E /* UIScrollView+Infinite.swift */; };
		661EC6C81F53BDDA0005AC2E /* UIScrollView+Refresh.swift in Sources */ = {isa = PBXBuildFile; fileRef = 661EC6C71F53BDDA0005AC2E /* UIScrollView+Refresh.swift */; };
		661EC6CA1F53F4880005AC2E /* WYInfiniteView.swift in Sources */ = {isa = PBXBuildFile; fileRef = 661EC6C91F53F4880005AC2E /* WYInfiniteView.swift */; };
		661EC6CE1F5508200005AC2E /* WYRefresh.swift in Sources */ = {isa = PBXBuildFile; fileRef = 661EC6CD1F5508200005AC2E /* WYRefresh.swift */; };
		661EC6D01F5686870005AC2E /* BaseViewController.swift in Sources */ = {isa = PBXBuildFile; fileRef = 661EC6CF1F5686870005AC2E /* BaseViewController.swift */; };
		661EC6D21F5689160005AC2E /* RefreshTopViewController.swift in Sources */ = {isa = PBXBuildFile; fileRef = 661EC6D11F5689160005AC2E /* RefreshTopViewController.swift */; };
		661EC6D41F5689840005AC2E /* RefreshBottomViewController.swift in Sources */ = {isa = PBXBuildFile; fileRef = 661EC6D31F5689840005AC2E /* RefreshBottomViewController.swift */; };
		665BAE511F569B06006EAA6A /* InfiniteViewController.swift in Sources */ = {isa = PBXBuildFile; fileRef = 665BAE501F569B06006EAA6A /* InfiniteViewController.swift */; };
		667A22D61DDB267E007A754D /* AppDelegate.swift in Sources */ = {isa = PBXBuildFile; fileRef = 667A22D51DDB267E007A754D /* AppDelegate.swift */; };
		667A22D81DDB267E007A754D /* ViewController.swift in Sources */ = {isa = PBXBuildFile; fileRef = 667A22D71DDB267E007A754D /* ViewController.swift */; };
		667A22DD1DDB267E007A754D /* Assets.xcassets in Resources */ = {isa = PBXBuildFile; fileRef = 667A22DC1DDB267E007A754D /* Assets.xcassets */; };
		66D04EF21F590BB000996BC7 /* InfiniteRefreshViewController.swift in Sources */ = {isa = PBXBuildFile; fileRef = 66D04EF11F590BB000996BC7 /* InfiniteRefreshViewController.swift */; };
/* End PBXBuildFile section */

/* Begin PBXFileReference section */
		3078C16F1DDB501200263528 /* WYRefreshArrowView.swift */ = {isa = PBXFileReference; fileEncoding = 4; lastKnownFileType = sourcecode.swift; path = WYRefreshArrowView.swift; sourceTree = "<group>"; };
		661EC6C11F53AFA50005AC2E /* WYRefreshView.swift */ = {isa = PBXFileReference; lastKnownFileType = sourcecode.swift; path = WYRefreshView.swift; sourceTree = "<group>"; };
		661EC6C31F53B51A0005AC2E /* WYObjectAssociation.swift */ = {isa = PBXFileReference; lastKnownFileType = sourcecode.swift; path = WYObjectAssociation.swift; sourceTree = "<group>"; };
		661EC6C51F53B9440005AC2E /* UIScrollView+Infinite.swift */ = {isa = PBXFileReference; lastKnownFileType = sourcecode.swift; path = "UIScrollView+Infinite.swift"; sourceTree = "<group>"; };
		661EC6C71F53BDDA0005AC2E /* UIScrollView+Refresh.swift */ = {isa = PBXFileReference; lastKnownFileType = sourcecode.swift; path = "UIScrollView+Refresh.swift"; sourceTree = "<group>"; };
		661EC6C91F53F4880005AC2E /* WYInfiniteView.swift */ = {isa = PBXFileReference; lastKnownFileType = sourcecode.swift; path = WYInfiniteView.swift; sourceTree = "<group>"; };
		661EC6CD1F5508200005AC2E /* WYRefresh.swift */ = {isa = PBXFileReference; lastKnownFileType = sourcecode.swift; path = WYRefresh.swift; sourceTree = "<group>"; };
		661EC6CF1F5686870005AC2E /* BaseViewController.swift */ = {isa = PBXFileReference; lastKnownFileType = sourcecode.swift; path = BaseViewController.swift; sourceTree = "<group>"; };
		661EC6D11F5689160005AC2E /* RefreshTopViewController.swift */ = {isa = PBXFileReference; lastKnownFileType = sourcecode.swift; path = RefreshTopViewController.swift; sourceTree = "<group>"; };
		661EC6D31F5689840005AC2E /* RefreshBottomViewController.swift */ = {isa = PBXFileReference; lastKnownFileType = sourcecode.swift; path = RefreshBottomViewController.swift; sourceTree = "<group>"; };
		665BAE501F569B06006EAA6A /* InfiniteViewController.swift */ = {isa = PBXFileReference; lastKnownFileType = sourcecode.swift; path = InfiniteViewController.swift; sourceTree = "<group>"; };
		667A22D21DDB267E007A754D /* WYRefresh.app */ = {isa = PBXFileReference; explicitFileType = wrapper.application; includeInIndex = 0; path = WYRefresh.app; sourceTree = BUILT_PRODUCTS_DIR; };
		667A22D51DDB267E007A754D /* AppDelegate.swift */ = {isa = PBXFileReference; lastKnownFileType = sourcecode.swift; path = AppDelegate.swift; sourceTree = "<group>"; };
		667A22D71DDB267E007A754D /* ViewController.swift */ = {isa = PBXFileReference; lastKnownFileType = sourcecode.swift; path = ViewController.swift; sourceTree = "<group>"; };
		667A22DC1DDB267E007A754D /* Assets.xcassets */ = {isa = PBXFileReference; lastKnownFileType = folder.assetcatalog; path = Assets.xcassets; sourceTree = "<group>"; };
		667A22E11DDB267E007A754D /* Info.plist */ = {isa = PBXFileReference; lastKnownFileType = text.plist.xml; path = Info.plist; sourceTree = "<group>"; };
		66D04EF11F590BB000996BC7 /* InfiniteRefreshViewController.swift */ = {isa = PBXFileReference; lastKnownFileType = sourcecode.swift; path = InfiniteRefreshViewController.swift; sourceTree = "<group>"; };
/* End PBXFileReference section */

/* Begin PBXFrameworksBuildPhase section */
		667A22CF1DDB267E007A754D /* Frameworks */ = {
			isa = PBXFrameworksBuildPhase;
			buildActionMask = 2147483647;
			files = (
			);
			runOnlyForDeploymentPostprocessing = 0;
		};
/* End PBXFrameworksBuildPhase section */

/* Begin PBXGroup section */
		667A22C91DDB267E007A754D = {
			isa = PBXGroup;
			children = (
				667A22D41DDB267E007A754D /* WYRefresh */,
				667A22D31DDB267E007A754D /* Products */,
			);
			sourceTree = "<group>";
		};
		667A22D31DDB267E007A754D /* Products */ = {
			isa = PBXGroup;
			children = (
				667A22D21DDB267E007A754D /* WYRefresh.app */,
			);
			name = Products;
			sourceTree = "<group>";
		};
		667A22D41DDB267E007A754D /* WYRefresh */ = {
			isa = PBXGroup;
			children = (
				667A22E11DDB267E007A754D /* Info.plist */,
				667A22D51DDB267E007A754D /* AppDelegate.swift */,
				661EC6CF1F5686870005AC2E /* BaseViewController.swift */,
				66D04EF11F590BB000996BC7 /* InfiniteRefreshViewController.swift */,
				665BAE501F569B06006EAA6A /* InfiniteViewController.swift */,
				661EC6D31F5689840005AC2E /* RefreshBottomViewController.swift */,
				661EC6D11F5689160005AC2E /* RefreshTopViewController.swift */,
				661EC6C51F53B9440005AC2E /* UIScrollView+Infinite.swift */,
				661EC6C71F53BDDA0005AC2E /* UIScrollView+Refresh.swift */,
				667A22D71DDB267E007A754D /* ViewController.swift */,
				661EC6C91F53F4880005AC2E /* WYInfiniteView.swift */,
				661EC6C31F53B51A0005AC2E /* WYObjectAssociation.swift */,
				661EC6CD1F5508200005AC2E /* WYRefresh.swift */,
				3078C16F1DDB501200263528 /* WYRefreshArrowView.swift */,
				661EC6C11F53AFA50005AC2E /* WYRefreshView.swift */,
				667A22DC1DDB267E007A754D /* Assets.xcassets */,
			);
			path = WYRefresh;
			sourceTree = "<group>";
		};
/* End PBXGroup section */

/* Begin PBXNativeTarget section */
		667A22D11DDB267E007A754D /* WYRefresh */ = {
			isa = PBXNativeTarget;
			buildConfigurationList = 667A22E41DDB267E007A754D /* Build configuration list for PBXNativeTarget "WYRefresh" */;
			buildPhases = (
				667A22CE1DDB267E007A754D /* Sources */,
				667A22CF1DDB267E007A754D /* Frameworks */,
				667A22D01DDB267E007A754D /* Resources */,
			);
			buildRules = (
			);
			dependencies = (
			);
			name = WYRefresh;
			productName = WYRefresh;
			productReference = 667A22D21DDB267E007A754D /* WYRefresh.app */;
			productType = "com.apple.product-type.application";
		};
/* End PBXNativeTarget section */

/* Begin PBXProject section */
		667A22CA1DDB267E007A754D /* Project object */ = {
			isa = PBXProject;
			attributes = {
				LastSwiftUpdateCheck = 0810;
				LastUpgradeCheck = 0900;
				ORGANIZATIONNAME = wyrefresh;
				TargetAttributes = {
					667A22D11DDB267E007A754D = {
						CreatedOnToolsVersion = 8.1;
						LastSwiftMigration = 0900;
						ProvisioningStyle = Automatic;
					};
				};
			};
			buildConfigurationList = 667A22CD1DDB267E007A754D /* Build configuration list for PBXProject "WYRefresh" */;
			compatibilityVersion = "Xcode 8.0";
			developmentRegion = English;
			hasScannedForEncodings = 0;
			knownRegions = (
				en,
				Base,
			);
			mainGroup = 667A22C91DDB267E007A754D;
			productRefGroup = 667A22D31DDB267E007A754D /* Products */;
			projectDirPath = "";
			projectRoot = "";
			targets = (
				667A22D11DDB267E007A754D /* WYRefresh */,
			);
		};
/* End PBXProject section */

/* Begin PBXResourcesBuildPhase section */
		667A22D01DDB267E007A754D /* Resources */ = {
			isa = PBXResourcesBuildPhase;
			buildActionMask = 2147483647;
			files = (
				667A22DD1DDB267E007A754D /* Assets.xcassets in Resources */,
			);
			runOnlyForDeploymentPostprocessing = 0;
		};
/* End PBXResourcesBuildPhase section */

/* Begin PBXSourcesBuildPhase section */
		667A22CE1DDB267E007A754D /* Sources */ = {
			isa = PBXSourcesBuildPhase;
			buildActionMask = 2147483647;
			files = (
				661EC6C21F53AFA50005AC2E /* WYRefreshView.swift in Sources */,
				667A22D81DDB267E007A754D /* ViewController.swift in Sources */,
				661EC6CA1F53F4880005AC2E /* WYInfiniteView.swift in Sources */,
				661EC6C61F53B9440005AC2E /* UIScrollView+Infinite.swift in Sources */,
				667A22D61DDB267E007A754D /* AppDelegate.swift in Sources */,
				661EC6D21F5689160005AC2E /* RefreshTopViewController.swift in Sources */,
				661EC6D01F5686870005AC2E /* BaseViewController.swift in Sources */,
				661EC6CE1F5508200005AC2E /* WYRefresh.swift in Sources */,
				661EC6C41F53B51A0005AC2E /* WYObjectAssociation.swift in Sources */,
				665BAE511F569B06006EAA6A /* InfiniteViewController.swift in Sources */,
				66D04EF21F590BB000996BC7 /* InfiniteRefreshViewController.swift in Sources */,
				661EC6C81F53BDDA0005AC2E /* UIScrollView+Refresh.swift in Sources */,
				3078C1701DDB501200263528 /* WYRefreshArrowView.swift in Sources */,
				661EC6D41F5689840005AC2E /* RefreshBottomViewController.swift in Sources */,
			);
			runOnlyForDeploymentPostprocessing = 0;
		};
/* End PBXSourcesBuildPhase section */

/* Begin XCBuildConfiguration section */
		667A22E21DDB267E007A754D /* Debug */ = {
			isa = XCBuildConfiguration;
			buildSettings = {
				ALWAYS_SEARCH_USER_PATHS = NO;
				CLANG_ANALYZER_NONNULL = YES;
				CLANG_CXX_LANGUAGE_STANDARD = "gnu++0x";
				CLANG_CXX_LIBRARY = "libc++";
				CLANG_ENABLE_MODULES = YES;
				CLANG_ENABLE_OBJC_ARC = YES;
				CLANG_WARN_BLOCK_CAPTURE_AUTORELEASING = YES;
				CLANG_WARN_BOOL_CONVERSION = YES;
				CLANG_WARN_COMMA = YES;
				CLANG_WARN_CONSTANT_CONVERSION = YES;
				CLANG_WARN_DIRECT_OBJC_ISA_USAGE = YES_ERROR;
				CLANG_WARN_DOCUMENTATION_COMMENTS = YES;
				CLANG_WARN_EMPTY_BODY = YES;
				CLANG_WARN_ENUM_CONVERSION = YES;
				CLANG_WARN_INFINITE_RECURSION = YES;
				CLANG_WARN_INT_CONVERSION = YES;
				CLANG_WARN_NON_LITERAL_NULL_CONVERSION = YES;
				CLANG_WARN_OBJC_LITERAL_CONVERSION = YES;
				CLANG_WARN_OBJC_ROOT_CLASS = YES_ERROR;
				CLANG_WARN_RANGE_LOOP_ANALYSIS = YES;
				CLANG_WARN_STRICT_PROTOTYPES = YES;
				CLANG_WARN_SUSPICIOUS_MOVE = YES;
				CLANG_WARN_SUSPICIOUS_MOVES = YES;
				CLANG_WARN_UNREACHABLE_CODE = YES;
				CLANG_WARN__DUPLICATE_METHOD_MATCH = YES;
				"CODE_SIGN_IDENTITY[sdk=iphoneos*]" = "iPhone Developer";
				COPY_PHASE_STRIP = NO;
				DEBUG_INFORMATION_FORMAT = dwarf;
				ENABLE_STRICT_OBJC_MSGSEND = YES;
				ENABLE_TESTABILITY = YES;
				GCC_C_LANGUAGE_STANDARD = gnu99;
				GCC_DYNAMIC_NO_PIC = NO;
				GCC_NO_COMMON_BLOCKS = YES;
				GCC_OPTIMIZATION_LEVEL = 0;
				GCC_PREPROCESSOR_DEFINITIONS = (
					"DEBUG=1",
					"$(inherited)",
				);
				GCC_WARN_64_TO_32_BIT_CONVERSION = YES;
				GCC_WARN_ABOUT_RETURN_TYPE = YES_ERROR;
				GCC_WARN_UNDECLARED_SELECTOR = YES;
				GCC_WARN_UNINITIALIZED_AUTOS = YES_AGGRESSIVE;
				GCC_WARN_UNUSED_FUNCTION = YES;
				GCC_WARN_UNUSED_VARIABLE = YES;
				IPHONEOS_DEPLOYMENT_TARGET = 10.1;
				MTL_ENABLE_DEBUG_INFO = YES;
				ONLY_ACTIVE_ARCH = YES;
				SDKROOT = iphoneos;
				SWIFT_ACTIVE_COMPILATION_CONDITIONS = DEBUG;
				SWIFT_OPTIMIZATION_LEVEL = "-Onone";
			};
			name = Debug;
		};
		667A22E31DDB267E007A754D /* Release */ = {
			isa = XCBuildConfiguration;
			buildSettings = {
				ALWAYS_SEARCH_USER_PATHS = NO;
				CLANG_ANALYZER_NONNULL = YES;
				CLANG_CXX_LANGUAGE_STANDARD = "gnu++0x";
				CLANG_CXX_LIBRARY = "libc++";
				CLANG_ENABLE_MODULES = YES;
				CLANG_ENABLE_OBJC_ARC = YES;
				CLANG_WARN_BLOCK_CAPTURE_AUTORELEASING = YES;
				CLANG_WARN_BOOL_CONVERSION = YES;
				CLANG_WARN_COMMA = YES;
				CLANG_WARN_CONSTANT_CONVERSION = YES;
				CLANG_WARN_DIRECT_OBJC_ISA_USAGE = YES_ERROR;
				CLANG_WARN_DOCUMENTATION_COMMENTS = YES;
				CLANG_WARN_EMPTY_BODY = YES;
				CLANG_WARN_ENUM_CONVERSION = YES;
				CLANG_WARN_INFINITE_RECURSION = YES;
				CLANG_WARN_INT_CONVERSION = YES;
				CLANG_WARN_NON_LITERAL_NULL_CONVERSION = YES;
				CLANG_WARN_OBJC_LITERAL_CONVERSION = YES;
				CLANG_WARN_OBJC_ROOT_CLASS = YES_ERROR;
				CLANG_WARN_RANGE_LOOP_ANALYSIS = YES;
				CLANG_WARN_STRICT_PROTOTYPES = YES;
				CLANG_WARN_SUSPICIOUS_MOVE = YES;
				CLANG_WARN_SUSPICIOUS_MOVES = YES;
				CLANG_WARN_UNREACHABLE_CODE = YES;
				CLANG_WARN__DUPLICATE_METHOD_MATCH = YES;
				"CODE_SIGN_IDENTITY[sdk=iphoneos*]" = "iPhone Developer";
				COPY_PHASE_STRIP = NO;
				DEBUG_INFORMATION_FORMAT = "dwarf-with-dsym";
				ENABLE_NS_ASSERTIONS = NO;
				ENABLE_STRICT_OBJC_MSGSEND = YES;
				GCC_C_LANGUAGE_STANDARD = gnu99;
				GCC_NO_COMMON_BLOCKS = YES;
				GCC_WARN_64_TO_32_BIT_CONVERSION = YES;
				GCC_WARN_ABOUT_RETURN_TYPE = YES_ERROR;
				GCC_WARN_UNDECLARED_SELECTOR = YES;
				GCC_WARN_UNINITIALIZED_AUTOS = YES_AGGRESSIVE;
				GCC_WARN_UNUSED_FUNCTION = YES;
				GCC_WARN_UNUSED_VARIABLE = YES;
				IPHONEOS_DEPLOYMENT_TARGET = 10.1;
				MTL_ENABLE_DEBUG_INFO = NO;
				SDKROOT = iphoneos;
				SWIFT_OPTIMIZATION_LEVEL = "-Owholemodule";
				VALIDATE_PRODUCT = YES;
			};
			name = Release;
		};
		667A22E51DDB267E007A754D /* Debug */ = {
			isa = XCBuildConfiguration;
			buildSettings = {
				ASSETCATALOG_COMPILER_APPICON_NAME = AppIcon;
				DEVELOPMENT_TEAM = CY25956VB2;
				INFOPLIST_FILE = WYRefresh/Info.plist;
				LD_RUNPATH_SEARCH_PATHS = "$(inherited) @executable_path/Frameworks";
				PRODUCT_BUNDLE_IDENTIFIER = win.sourcecode.WYRefresh;
				PRODUCT_NAME = "$(TARGET_NAME)";
				SWIFT_SWIFT3_OBJC_INFERENCE = Default;
				SWIFT_VERSION = 4.0;
			};
			name = Debug;
		};
		667A22E61DDB267E007A754D /* Release */ = {
			isa = XCBuildConfiguration;
			buildSettings = {
				ASSETCATALOG_COMPILER_APPICON_NAME = AppIcon;
				DEVELOPMENT_TEAM = CY25956VB2;
				INFOPLIST_FILE = WYRefresh/Info.plist;
				LD_RUNPATH_SEARCH_PATHS = "$(inherited) @executable_path/Frameworks";
				PRODUCT_BUNDLE_IDENTIFIER = win.sourcecode.WYRefresh;
				PRODUCT_NAME = "$(TARGET_NAME)";
				SWIFT_SWIFT3_OBJC_INFERENCE = Default;
				SWIFT_VERSION = 4.0;
			};
			name = Release;
		};
/* End XCBuildConfiguration section */

/* Begin XCConfigurationList section */
		667A22CD1DDB267E007A754D /* Build configuration list for PBXProject "WYRefresh" */ = {
			isa = XCConfigurationList;
			buildConfigurations = (
				667A22E21DDB267E007A754D /* Debug */,
				667A22E31DDB267E007A754D /* Release */,
			);
			defaultConfigurationIsVisible = 0;
			defaultConfigurationName = Release;
		};
		667A22E41DDB267E007A754D /* Build configuration list for PBXNativeTarget "WYRefresh" */ = {
			isa = XCConfigurationList;
			buildConfigurations = (
				667A22E51DDB267E007A754D /* Debug */,
				667A22E61DDB267E007A754D /* Release */,
			);
			defaultConfigurationIsVisible = 0;
			defaultConfigurationName = Release;
		};
/* End XCConfigurationList section */
	};
	rootObject = 667A22CA1DDB267E007A754D /* Project object */;
}
